
Microsoft Visual Studio Solution File, Format Version 12.00
# Visual Studio Version 17
VisualStudioVersion = 17.4.33213.308
MinimumVisualStudioVersion = 10.0.40219.1
Project("{FAE04EC0-301F-11D3-BF4B-00C04F79EFBC}") = "AddressBook", "AddressBook.csproj", "{7982097C-7397-47F0-910C-FEAEC3C3C244}"
EndProject
Global
	GlobalSection(SolutionConfigurationPlatforms) = preSolution
		Debug|Any CPU = Debug|Any CPU
		Release|Any CPU = Release|Any CPU
	EndGlobalSection
	GlobalSection(ProjectConfigurationPlatforms) = postSolution
		{7982097C-7397-47F0-910C-FEAEC3C3C244}.Debug|Any CPU.ActiveCfg = Debug|Any CPU
		{7982097C-7397-47F0-910C-FEAEC3C3C244}.Debug|Any CPU.Build.0 = Debug|Any CPU
		{7982097C-7397-47F0-910C-FEAEC3C3C244}.Release|Any CPU.ActiveCfg = Release|Any CPU
		{7982097C-7397-47F0-910C-FEAEC3C3C244}.Release|Any CPU.Build.0 = Release|Any CPU
	EndGlobalSection
	GlobalSection(SolutionProperties) = preSolution
		HideSolutionNode = FALSE
	EndGlobalSection
	GlobalSection(ExtensibilityGlobals) = postSolution
		SolutionGuid = {7901899D-207A-4571-9703-3230BC3278DB}
	EndGlobalSection
EndGlobal
